
Microsoft Visual Studio Solution File, Format Version 12.00
# Visual Studio Version 16
VisualStudioVersion = 16.0.31702.278
MinimumVisualStudioVersion = 10.0.40219.1
Project("{888888A0-9F3D-457C-B088-3A5042F75D52}") = "SisBIN", "src\SisBIN.pyproj", "{1EB27273-9896-46A5-BB7C-36AB7ABA1F1A}"
EndProject
Project("{2150E333-8FDC-42A3-9474-1A3956D46DE8}") = "Files", "Files", "{368B2433-7629-4D74-86BC-5819C04A1E1D}"
	ProjectSection(SolutionItems) = preProject
		.gitignore = .gitignore
		LICENSE = LICENSE
		README.md = README.md
		run_mariadb_client.bat = run_mariadb_client.bat
		schema.sql = schema.sql
	EndProjectSection
EndProject
Global
	GlobalSection(SolutionConfigurationPlatforms) = preSolution
		Debug|Any CPU = Debug|Any CPU
		Release|Any CPU = Release|Any CPU
	EndGlobalSection
	GlobalSection(ProjectConfigurationPlatforms) = postSolution
		{1EB27273-9896-46A5-BB7C-36AB7ABA1F1A}.Debug|Any CPU.ActiveCfg = Debug|Any CPU
		{1EB27273-9896-46A5-BB7C-36AB7ABA1F1A}.Release|Any CPU.ActiveCfg = Release|Any CPU
	EndGlobalSection
	GlobalSection(SolutionProperties) = preSolution
		HideSolutionNode = FALSE
	EndGlobalSection
	GlobalSection(ExtensibilityGlobals) = postSolution
		SolutionGuid = {4546FD31-8DBE-40CB-97F5-6C04C71D2738}
	EndGlobalSection
EndGlobal
